
Microsoft Visual Studio Solution File, Format Version 12.00
# Visual Studio Version 16
VisualStudioVersion = 16.0.29318.209
MinimumVisualStudioVersion = 10.0.40219.1
Project("{FAE04EC0-301F-11D3-BF4B-00C04F79EFBC}") = "clicker", "clicker\clicker.csproj", "{0A98DBC0-B1D9-40C2-9B3B-9DE2D371758A}"
EndProject
Global
	GlobalSection(SolutionConfigurationPlatforms) = preSolution
		Debug|Any CPU = Debug|Any CPU
		Release|Any CPU = Release|Any CPU
	EndGlobalSection
	GlobalSection(ProjectConfigurationPlatforms) = postSolution
		{0A98DBC0-B1D9-40C2-9B3B-9DE2D371758A}.Debug|Any CPU.ActiveCfg = Debug|Any CPU
		{0A98DBC0-B1D9-40C2-9B3B-9DE2D371758A}.Debug|Any CPU.Build.0 = Debug|Any CPU
		{0A98DBC0-B1D9-40C2-9B3B-9DE2D371758A}.Release|Any CPU.ActiveCfg = Release|Any CPU
		{0A98DBC0-B1D9-40C2-9B3B-9DE2D371758A}.Release|Any CPU.Build.0 = Release|Any CPU
	EndGlobalSection
	GlobalSection(SolutionProperties) = preSolution
		HideSolutionNode = FALSE
	EndGlobalSection
	GlobalSection(ExtensibilityGlobals) = postSolution
		SolutionGuid = {A4D4EB80-CB75-4613-9CD8-B30B13C821A9}
	EndGlobalSection
EndGlobal
